
Microsoft Visual Studio Solution File, Format Version 12.00
# Visual Studio Version 16
VisualStudioVersion = 16.0.32630.194
MinimumVisualStudioVersion = 10.0.40219.1
Project("{FAE04EC0-301F-11D3-BF4B-00C04F79EFBC}") = "MathGame", "MathGame\MathGame.csproj", "{415AAA06-81A5-4AAA-AC5C-571227EA6A92}"
EndProject
Global
	GlobalSection(SolutionConfigurationPlatforms) = preSolution
		Debug|Any CPU = Debug|Any CPU
		Release|Any CPU = Release|Any CPU
	EndGlobalSection
	GlobalSection(ProjectConfigurationPlatforms) = postSolution
		{415AAA06-81A5-4AAA-AC5C-571227EA6A92}.Debug|Any CPU.ActiveCfg = Debug|Any CPU
		{415AAA06-81A5-4AAA-AC5C-571227EA6A92}.Debug|Any CPU.Build.0 = Debug|Any CPU
		{415AAA06-81A5-4AAA-AC5C-571227EA6A92}.Release|Any CPU.ActiveCfg = Release|Any CPU
		{415AAA06-81A5-4AAA-AC5C-571227EA6A92}.Release|Any CPU.Build.0 = Release|Any CPU
	EndGlobalSection
	GlobalSection(SolutionProperties) = preSolution
		HideSolutionNode = FALSE
	EndGlobalSection
	GlobalSection(ExtensibilityGlobals) = postSolution
		SolutionGuid = {78C52C85-C6D0-44E8-AD95-4159F02B0439}
	EndGlobalSection
EndGlobal
